
Microsoft Visual Studio Solution File, Format Version 12.00
# Visual Studio Version 17
VisualStudioVersion = 17.9.34728.123
MinimumVisualStudioVersion = 10.0.40219.1
Project("{FAE04EC0-301F-11D3-BF4B-00C04F79EFBC}") = "LIVEDJ-Gateway", "LIVEDJ-Gateway\LIVEDJ-Gateway.csproj", "{C9021FC9-E757-487A-B320-752ABB13D087}"
EndProject
Global
	GlobalSection(SolutionConfigurationPlatforms) = preSolution
		Debug|Any CPU = Debug|Any CPU
		Release|Any CPU = Release|Any CPU
	EndGlobalSection
	GlobalSection(ProjectConfigurationPlatforms) = postSolution
		{C9021FC9-E757-487A-B320-752ABB13D087}.Debug|Any CPU.ActiveCfg = Debug|Any CPU
		{C9021FC9-E757-487A-B320-752ABB13D087}.Debug|Any CPU.Build.0 = Debug|Any CPU
		{C9021FC9-E757-487A-B320-752ABB13D087}.Release|Any CPU.ActiveCfg = Release|Any CPU
		{C9021FC9-E757-487A-B320-752ABB13D087}.Release|Any CPU.Build.0 = Release|Any CPU
	EndGlobalSection
	GlobalSection(SolutionProperties) = preSolution
		HideSolutionNode = FALSE
	EndGlobalSection
	GlobalSection(ExtensibilityGlobals) = postSolution
		SolutionGuid = {365E0667-ECC0-4F05-A6FB-E3D366C7FC26}
	EndGlobalSection
EndGlobal
